// !$*UTF8*$!
{
	archiveVersion = 1;
	classes = {
	};
	objectVersion = 46;
	objects = {

/* Begin PBXBuildFile section */
		AFD0FB521D3CB5190078E551 /* main.m in Sources */ = {isa = PBXBuildFile; fileRef = AFD0FB511D3CB5190078E551 /* main.m */; };
		AFD0FB551D3CB5190078E551 /* AppDelegate.m in Sources */ = {isa = PBXBuildFile; fileRef = AFD0FB541D3CB5190078E551 /* AppDelegate.m */; };
		AFD0FB581D3CB5190078E551 /* ViewController.m in Sources */ = {isa = PBXBuildFile; fileRef = AFD0FB571D3CB5190078E551 /* ViewController.m */; };
		AFD0FB5B1D3CB5190078E551 /* Main.storyboard in Resources */ = {isa = PBXBuildFile; fileRef = AFD0FB591D3CB5190078E551 /* Main.storyboard */; };
		AFD0FB5D1D3CB5190078E551 /* Assets.xcassets in Resources */ = {isa = PBXBuildFile; fileRef = AFD0FB5C1D3CB5190078E551 /* Assets.xcassets */; };
		AFD0FB601D3CB5190078E551 /* LaunchScreen.storyboard in Resources */ = {isa = PBXBuildFile; fileRef = AFD0FB5E1D3CB5190078E551 /* LaunchScreen.storyboard */; };
		AFD0FB6B1D3CB5190078E551 /* TestAIBaseFrameworkTests.m in Sources */ = {isa = PBXBuildFile; fileRef = AFD0FB6A1D3CB5190078E551 /* TestAIBaseFrameworkTests.m */; };
		AFD0FB761D3CB5190078E551 /* TestAIBaseFrameworkUITests.m in Sources */ = {isa = PBXBuildFile; fileRef = AFD0FB751D3CB5190078E551 /* TestAIBaseFrameworkUITests.m */; };
		AFE60A4C1D3CFFDF00DF10AE /* AIBaseFramework.framework in Frameworks */ = {isa = PBXBuildFile; fileRef = AFE60A4B1D3CFFDF00DF10AE /* AIBaseFramework.framework */; };
/* End PBXBuildFile section */

/* Begin PBXContainerItemProxy section */
		AFD0FB671D3CB5190078E551 /* PBXContainerItemProxy */ = {
			isa = PBXContainerItemProxy;
			containerPortal = AFD0FB451D3CB5180078E551 /* Project object */;
			proxyType = 1;
			remoteGlobalIDString = AFD0FB4C1D3CB5180078E551;
			remoteInfo = TestAIBaseFramework;
		};
		AFD0FB721D3CB5190078E551 /* PBXContainerItemProxy */ = {
			isa = PBXContainerItemProxy;
			containerPortal = AFD0FB451D3CB5180078E551 /* Project object */;
			proxyType = 1;
			remoteGlobalIDString = AFD0FB4C1D3CB5180078E551;
			remoteInfo = TestAIBaseFramework;
		};
/* End PBXContainerItemProxy section */

/* Begin PBXCopyFilesBuildPhase section */
		AFD0FB881D3CBD0B0078E551 /* Embed Frameworks */ = {
			isa = PBXCopyFilesBuildPhase;
			buildActionMask = 2147483647;
			dstPath = "";
			dstSubfolderSpec = 10;
			files = (
			);
			name = "Embed Frameworks";
			runOnlyForDeploymentPostprocessing = 0;
		};
/* End PBXCopyFilesBuildPhase section */

/* Begin PBXFileReference section */
		AFD0FB4D1D3CB5180078E551 /* TestAIBaseFramework.app */ = {isa = PBXFileReference; explicitFileType = wrapper.application; includeInIndex = 0; path = TestAIBaseFramework.app; sourceTree = BUILT_PRODUCTS_DIR; };
		AFD0FB511D3CB5190078E551 /* main.m */ = {isa = PBXFileReference; lastKnownFileType = sourcecode.c.objc; path = main.m; sourceTree = "<group>"; };
		AFD0FB531D3CB5190078E551 /* AppDelegate.h */ = {isa = PBXFileReference; lastKnownFileType = sourcecode.c.h; path = AppDelegate.h; sourceTree = "<group>"; };
		AFD0FB541D3CB5190078E551 /* AppDelegate.m */ = {isa = PBXFileReference; lastKnownFileType = sourcecode.c.objc; path = AppDelegate.m; sourceTree = "<group>"; };
		AFD0FB561D3CB5190078E551 /* ViewController.h */ = {isa = PBXFileReference; lastKnownFileType = sourcecode.c.h; path = ViewController.h; sourceTree = "<group>"; };
		AFD0FB571D3CB5190078E551 /* ViewController.m */ = {isa = PBXFileReference; lastKnownFileType = sourcecode.c.objc; path = ViewController.m; sourceTree = "<group>"; };
		AFD0FB5A1D3CB5190078E551 /* Base */ = {isa = PBXFileReference; lastKnownFileType = file.storyboard; name = Base; path = Base.lproj/Main.storyboard; sourceTree = "<group>"; };
		AFD0FB5C1D3CB5190078E551 /* Assets.xcassets */ = {isa = PBXFileReference; lastKnownFileType = folder.assetcatalog; path = Assets.xcassets; sourceTree = "<group>"; };
		AFD0FB5F1D3CB5190078E551 /* Base */ = {isa = PBXFileReference; lastKnownFileType = file.storyboard; name = Base; path = Base.lproj/LaunchScreen.storyboard; sourceTree = "<group>"; };
		AFD0FB611D3CB5190078E551 /* Info.plist */ = {isa = PBXFileReference; lastKnownFileType = text.plist.xml; path = Info.plist; sourceTree = "<group>"; };
		AFD0FB661D3CB5190078E551 /* TestAIBaseFrameworkTests.xctest */ = {isa = PBXFileReference; explicitFileType = wrapper.cfbundle; includeInIndex = 0; path = TestAIBaseFrameworkTests.xctest; sourceTree = BUILT_PRODUCTS_DIR; };
		AFD0FB6A1D3CB5190078E551 /* TestAIBaseFrameworkTests.m */ = {isa = PBXFileReference; lastKnownFileType = sourcecode.c.objc; path = TestAIBaseFrameworkTests.m; sourceTree = "<group>"; };
		AFD0FB6C1D3CB5190078E551 /* Info.plist */ = {isa = PBXFileReference; lastKnownFileType = text.plist.xml; path = Info.plist; sourceTree = "<group>"; };
		AFD0FB711D3CB5190078E551 /* TestAIBaseFrameworkUITests.xctest */ = {isa = PBXFileReference; explicitFileType = wrapper.cfbundle; includeInIndex = 0; path = TestAIBaseFrameworkUITests.xctest; sourceTree = BUILT_PRODUCTS_DIR; };
		AFD0FB751D3CB5190078E551 /* TestAIBaseFrameworkUITests.m */ = {isa = PBXFileReference; lastKnownFileType = sourcecode.c.objc; path = TestAIBaseFrameworkUITests.m; sourceTree = "<group>"; };
		AFD0FB771D3CB5190078E551 /* Info.plist */ = {isa = PBXFileReference; lastKnownFileType = text.plist.xml; path = Info.plist; sourceTree = "<group>"; };
		AFE60A4B1D3CFFDF00DF10AE /* AIBaseFramework.framework */ = {isa = PBXFileReference; lastKnownFileType = wrapper.framework; path = AIBaseFramework.framework; sourceTree = "<group>"; };
/* End PBXFileReference section */

/* Begin PBXFrameworksBuildPhase section */
		AFD0FB4A1D3CB5180078E551 /* Frameworks */ = {
			isa = PBXFrameworksBuildPhase;
			buildActionMask = 2147483647;
			files = (
				AFE60A4C1D3CFFDF00DF10AE /* AIBaseFramework.framework in Frameworks */,
			);
			runOnlyForDeploymentPostprocessing = 0;
		};
		AFD0FB631D3CB5190078E551 /* Frameworks */ = {
			isa = PBXFrameworksBuildPhase;
			buildActionMask = 2147483647;
			files = (
			);
			runOnlyForDeploymentPostprocessing = 0;
		};
		AFD0FB6E1D3CB5190078E551 /* Frameworks */ = {
			isa = PBXFrameworksBuildPhase;
			buildActionMask = 2147483647;
			files = (
			);
			runOnlyForDeploymentPostprocessing = 0;
		};
/* End PBXFrameworksBuildPhase section */

/* Begin PBXGroup section */
		AFD0FB441D3CB5180078E551 = {
			isa = PBXGroup;
			children = (
				AFD0FB4F1D3CB5190078E551 /* TestAIBaseFramework */,
				AFD0FB691D3CB5190078E551 /* TestAIBaseFrameworkTests */,
				AFD0FB741D3CB5190078E551 /* TestAIBaseFrameworkUITests */,
				AFD0FB4E1D3CB5180078E551 /* Products */,
			);
			sourceTree = "<group>";
		};
		AFD0FB4E1D3CB5180078E551 /* Products */ = {
			isa = PBXGroup;
			children = (
				AFD0FB4D1D3CB5180078E551 /* TestAIBaseFramework.app */,
				AFD0FB661D3CB5190078E551 /* TestAIBaseFrameworkTests.xctest */,
				AFD0FB711D3CB5190078E551 /* TestAIBaseFrameworkUITests.xctest */,
			);
			name = Products;
			sourceTree = "<group>";
		};
		AFD0FB4F1D3CB5190078E551 /* TestAIBaseFramework */ = {
			isa = PBXGroup;
			children = (
				AFE60A4B1D3CFFDF00DF10AE /* AIBaseFramework.framework */,
				AFD0FB531D3CB5190078E551 /* AppDelegate.h */,
				AFD0FB541D3CB5190078E551 /* AppDelegate.m */,
				AFD0FB561D3CB5190078E551 /* ViewController.h */,
				AFD0FB571D3CB5190078E551 /* ViewController.m */,
				AFD0FB591D3CB5190078E551 /* Main.storyboard */,
				AFD0FB5C1D3CB5190078E551 /* Assets.xcassets */,
				AFD0FB5E1D3CB5190078E551 /* LaunchScreen.storyboard */,
				AFD0FB611D3CB5190078E551 /* Info.plist */,
				AFD0FB501D3CB5190078E551 /* Supporting Files */,
			);
			path = TestAIBaseFramework;
			sourceTree = "<group>";
		};
		AFD0FB501D3CB5190078E551 /* Supporting Files */ = {
			isa = PBXGroup;
			children = (
				AFD0FB511D3CB5190078E551 /* main.m */,
			);
			name = "Supporting Files";
			sourceTree = "<group>";
		};
		AFD0FB691D3CB5190078E551 /* TestAIBaseFrameworkTests */ = {
			isa = PBXGroup;
			children = (
				AFD0FB6A1D3CB5190078E551 /* TestAIBaseFrameworkTests.m */,
				AFD0FB6C1D3CB5190078E551 /* Info.plist */,
			);
			path = TestAIBaseFrameworkTests;
			sourceTree = "<group>";
		};
		AFD0FB741D3CB5190078E551 /* TestAIBaseFrameworkUITests */ = {
			isa = PBXGroup;
			children = (
				AFD0FB751D3CB5190078E551 /* TestAIBaseFrameworkUITests.m */,
				AFD0FB771D3CB5190078E551 /* Info.plist */,
			);
			path = TestAIBaseFrameworkUITests;
			sourceTree = "<group>";
		};
/* End PBXGroup section */

/* Begin PBXNativeTarget section */
		AFD0FB4C1D3CB5180078E551 /* TestAIBaseFramework */ = {
			isa = PBXNativeTarget;
			buildConfigurationList = AFD0FB7A1D3CB5190078E551 /* Build configuration list for PBXNativeTarget "TestAIBaseFramework" */;
			buildPhases = (
				AFD0FB491D3CB5180078E551 /* Sources */,
				AFD0FB4A1D3CB5180078E551 /* Frameworks */,
				AFD0FB4B1D3CB5180078E551 /* Resources */,
				AFD0FB881D3CBD0B0078E551 /* Embed Frameworks */,
			);
			buildRules = (
			);
			dependencies = (
			);
			name = TestAIBaseFramework;
			productName = TestAIBaseFramework;
			productReference = AFD0FB4D1D3CB5180078E551 /* TestAIBaseFramework.app */;
			productType = "com.apple.product-type.application";
		};
		AFD0FB651D3CB5190078E551 /* TestAIBaseFrameworkTests */ = {
			isa = PBXNativeTarget;
			buildConfigurationList = AFD0FB7D1D3CB5190078E551 /* Build configuration list for PBXNativeTarget "TestAIBaseFrameworkTests" */;
			buildPhases = (
				AFD0FB621D3CB5190078E551 /* Sources */,
				AFD0FB631D3CB5190078E551 /* Frameworks */,
				AFD0FB641D3CB5190078E551 /* Resources */,
			);
			buildRules = (
			);
			dependencies = (
				AFD0FB681D3CB5190078E551 /* PBXTargetDependency */,
			);
			name = TestAIBaseFrameworkTests;
			productName = TestAIBaseFrameworkTests;
			productReference = AFD0FB661D3CB5190078E551 /* TestAIBaseFrameworkTests.xctest */;
			productType = "com.apple.product-type.bundle.unit-test";
		};
		AFD0FB701D3CB5190078E551 /* TestAIBaseFrameworkUITests */ = {
			isa = PBXNativeTarget;
			buildConfigurationList = AFD0FB801D3CB5190078E551 /* Build configuration list for PBXNativeTarget "TestAIBaseFrameworkUITests" */;
			buildPhases = (
				AFD0FB6D1D3CB5190078E551 /* Sources */,
				AFD0FB6E1D3CB5190078E551 /* Frameworks */,
				AFD0FB6F1D3CB5190078E551 /* Resources */,
			);
			buildRules = (
			);
			dependencies = (
				AFD0FB731D3CB5190078E551 /* PBXTargetDependency */,
			);
			name = TestAIBaseFrameworkUITests;
			productName = TestAIBaseFrameworkUITests;
			productReference = AFD0FB711D3CB5190078E551 /* TestAIBaseFrameworkUITests.xctest */;
			productType = "com.apple.product-type.bundle.ui-testing";
		};
/* End PBXNativeTarget section */

/* Begin PBXProject section */
		AFD0FB451D3CB5180078E551 /* Project object */ = {
			isa = PBXProject;
			attributes = {
				LastUpgradeCheck = 0730;
				ORGANIZATIONNAME = Asiainfo;
				TargetAttributes = {
					AFD0FB4C1D3CB5180078E551 = {
						CreatedOnToolsVersion = 7.3.1;
					};
					AFD0FB651D3CB5190078E551 = {
						CreatedOnToolsVersion = 7.3.1;
						TestTargetID = AFD0FB4C1D3CB5180078E551;
					};
					AFD0FB701D3CB5190078E551 = {
						CreatedOnToolsVersion = 7.3.1;
						TestTargetID = AFD0FB4C1D3CB5180078E551;
					};
				};
			};
			buildConfigurationList = AFD0FB481D3CB5180078E551 /* Build configuration list for PBXProject "TestAIBaseFramework" */;
			compatibilityVersion = "Xcode 3.2";
			developmentRegion = English;
			hasScannedForEncodings = 0;
			knownRegions = (
				en,
				Base,
			);
			mainGroup = AFD0FB441D3CB5180078E551;
			productRefGroup = AFD0FB4E1D3CB5180078E551 /* Products */;
			projectDirPath = "";
			projectRoot = "";
			targets = (
				AFD0FB4C1D3CB5180078E551 /* TestAIBaseFramework */,
				AFD0FB651D3CB5190078E551 /* TestAIBaseFrameworkTests */,
				AFD0FB701D3CB5190078E551 /* TestAIBaseFrameworkUITests */,
			);
		};
/* End PBXProject section */

/* Begin PBXResourcesBuildPhase section */
		AFD0FB4B1D3CB5180078E551 /* Resources */ = {
			isa = PBXResourcesBuildPhase;
			buildActionMask = 2147483647;
			files = (
				AFD0FB601D3CB5190078E551 /* LaunchScreen.storyboard in Resources */,
				AFD0FB5D1D3CB5190078E551 /* Assets.xcassets in Resources */,
				AFD0FB5B1D3CB5190078E551 /* Main.storyboard in Resources */,
			);
			runOnlyForDeploymentPostprocessing = 0;
		};
		AFD0FB641D3CB5190078E551 /* Resources */ = {
			isa = PBXResourcesBuildPhase;
			buildActionMask = 2147483647;
			files = (
			);
			runOnlyForDeploymentPostprocessing = 0;
		};
		AFD0FB6F1D3CB5190078E551 /* Resources */ = {
			isa = PBXResourcesBuildPhase;
			buildActionMask = 2147483647;
			files = (
			);
			runOnlyForDeploymentPostprocessing = 0;
		};
/* End PBXResourcesBuildPhase section */

/* Begin PBXSourcesBuildPhase section */
		AFD0FB491D3CB5180078E551 /* Sources */ = {
			isa = PBXSourcesBuildPhase;
			buildActionMask = 2147483647;
			files = (
				AFD0FB581D3CB5190078E551 /* ViewController.m in Sources */,
				AFD0FB551D3CB5190078E551 /* AppDelegate.m in Sources */,
				AFD0FB521D3CB5190078E551 /* main.m in Sources */,
			);
			runOnlyForDeploymentPostprocessing = 0;
		};
		AFD0FB621D3CB5190078E551 /* Sources */ = {
			isa = PBXSourcesBuildPhase;
			buildActionMask = 2147483647;
			files = (
				AFD0FB6B1D3CB5190078E551 /* TestAIBaseFrameworkTests.m in Sources */,
			);
			runOnlyForDeploymentPostprocessing = 0;
		};
		AFD0FB6D1D3CB5190078E551 /* Sources */ = {
			isa = PBXSourcesBuildPhase;
			buildActionMask = 2147483647;
			files = (
				AFD0FB761D3CB5190078E551 /* TestAIBaseFrameworkUITests.m in Sources */,
			);
			runOnlyForDeploymentPostprocessing = 0;
		};
/* End PBXSourcesBuildPhase section */

/* Begin PBXTargetDependency section */
		AFD0FB681D3CB5190078E551 /* PBXTargetDependency */ = {
			isa = PBXTargetDependency;
			target = AFD0FB4C1D3CB5180078E551 /* TestAIBaseFramework */;
			targetProxy = AFD0FB671D3CB5190078E551 /* PBXContainerItemProxy */;
		};
		AFD0FB731D3CB5190078E551 /* PBXTargetDependency */ = {
			isa = PBXTargetDependency;
			target = AFD0FB4C1D3CB5180078E551 /* TestAIBaseFramework */;
			targetProxy = AFD0FB721D3CB5190078E551 /* PBXContainerItemProxy */;
		};
/* End PBXTargetDependency section */

/* Begin PBXVariantGroup section */
		AFD0FB591D3CB5190078E551 /* Main.storyboard */ = {
			isa = PBXVariantGroup;
			children = (
				AFD0FB5A1D3CB5190078E551 /* Base */,
			);
			name = Main.storyboard;
			sourceTree = "<group>";
		};
		AFD0FB5E1D3CB5190078E551 /* LaunchScreen.storyboard */ = {
			isa = PBXVariantGroup;
			children = (
				AFD0FB5F1D3CB5190078E551 /* Base */,
			);
			name = LaunchScreen.storyboard;
			sourceTree = "<group>";
		};
/* End PBXVariantGroup section */

/* Begin XCBuildConfiguration section */
		AFD0FB781D3CB5190078E551 /* Debug */ = {
			isa = XCBuildConfiguration;
			buildSettings = {
				ALWAYS_SEARCH_USER_PATHS = NO;
				CLANG_ANALYZER_NONNULL = YES;
				CLANG_CXX_LANGUAGE_STANDARD = "gnu++0x";
				CLANG_CXX_LIBRARY = "libc++";
				CLANG_ENABLE_MODULES = YES;
				CLANG_ENABLE_OBJC_ARC = YES;
				CLANG_WARN_BOOL_CONVERSION = YES;
				CLANG_WARN_CONSTANT_CONVERSION = YES;
				CLANG_WARN_DIRECT_OBJC_ISA_USAGE = YES_ERROR;
				CLANG_WARN_EMPTY_BODY = YES;
				CLANG_WARN_ENUM_CONVERSION = YES;
				CLANG_WARN_INT_CONVERSION = YES;
				CLANG_WARN_OBJC_ROOT_CLASS = YES_ERROR;
				CLANG_WARN_UNREACHABLE_CODE = YES;
				CLANG_WARN__DUPLICATE_METHOD_MATCH = YES;
				"CODE_SIGN_IDENTITY[sdk=iphoneos*]" = "iPhone Developer";
				COPY_PHASE_STRIP = NO;
				DEBUG_INFORMATION_FORMAT = dwarf;
				ENABLE_STRICT_OBJC_MSGSEND = YES;
				ENABLE_TESTABILITY = YES;
				GCC_C_LANGUAGE_STANDARD = gnu99;
				GCC_DYNAMIC_NO_PIC = NO;
				GCC_NO_COMMON_BLOCKS = YES;
				GCC_OPTIMIZATION_LEVEL = 0;
				GCC_PREPROCESSOR_DEFINITIONS = (
					"DEBUG=1",
					"$(inherited)",
				);
				GCC_WARN_64_TO_32_BIT_CONVERSION = YES;
				GCC_WARN_ABOUT_RETURN_TYPE = YES_ERROR;
				GCC_WARN_UNDECLARED_SELECTOR = YES;
				GCC_WARN_UNINITIALIZED_AUTOS = YES_AGGRESSIVE;
				GCC_WARN_UNUSED_FUNCTION = YES;
				GCC_WARN_UNUSED_VARIABLE = YES;
				IPHONEOS_DEPLOYMENT_TARGET = 9.3;
				MTL_ENABLE_DEBUG_INFO = YES;
				ONLY_ACTIVE_ARCH = YES;
				SDKROOT = iphoneos;
			};
			name = Debug;
		};
		AFD0FB791D3CB5190078E551 /* Release */ = {
			isa = XCBuildConfiguration;
			buildSettings = {
				ALWAYS_SEARCH_USER_PATHS = NO;
				CLANG_ANALYZER_NONNULL = YES;
				CLANG_CXX_LANGUAGE_STANDARD = "gnu++0x";
				CLANG_CXX_LIBRARY = "libc++";
				CLANG_ENABLE_MODULES = YES;
				CLANG_ENABLE_OBJC_ARC = YES;
				CLANG_WARN_BOOL_CONVERSION = YES;
				CLANG_WARN_CONSTANT_CONVERSION = YES;
				CLANG_WARN_DIRECT_OBJC_ISA_USAGE = YES_ERROR;
				CLANG_WARN_EMPTY_BODY = YES;
				CLANG_WARN_ENUM_CONVERSION = YES;
				CLANG_WARN_INT_CONVERSION = YES;
				CLANG_WARN_OBJC_ROOT_CLASS = YES_ERROR;
				CLANG_WARN_UNREACHABLE_CODE = YES;
				CLANG_WARN__DUPLICATE_METHOD_MATCH = YES;
				"CODE_SIGN_IDENTITY[sdk=iphoneos*]" = "iPhone Developer";
				COPY_PHASE_STRIP = NO;
				DEBUG_INFORMATION_FORMAT = "dwarf-with-dsym";
				ENABLE_NS_ASSERTIONS = NO;
				ENABLE_STRICT_OBJC_MSGSEND = YES;
				GCC_C_LANGUAGE_STANDARD = gnu99;
				GCC_NO_COMMON_BLOCKS = YES;
				GCC_WARN_64_TO_32_BIT_CONVERSION = YES;
				GCC_WARN_ABOUT_RETURN_TYPE = YES_ERROR;
				GCC_WARN_UNDECLARED_SELECTOR = YES;
				GCC_WARN_UNINITIALIZED_AUTOS = YES_AGGRESSIVE;
				GCC_WARN_UNUSED_FUNCTION = YES;
				GCC_WARN_UNUSED_VARIABLE = YES;
				IPHONEOS_DEPLOYMENT_TARGET = 9.3;
				MTL_ENABLE_DEBUG_INFO = NO;
				SDKROOT = iphoneos;
				VALIDATE_PRODUCT = YES;
			};
			name = Release;
		};
		AFD0FB7B1D3CB5190078E551 /* Debug */ = {
			isa = XCBuildConfiguration;
			buildSettings = {
				ASSETCATALOG_COMPILER_APPICON_NAME = AppIcon;
				ENABLE_BITCODE = YES;
				FRAMEWORK_SEARCH_PATHS = (
					"$(inherited)",
					"$(PROJECT_DIR)/TestAIBaseFramework",
				);
				HEADER_SEARCH_PATHS = "";
				INFOPLIST_FILE = TestAIBaseFramework/Info.plist;
				LD_RUNPATH_SEARCH_PATHS = "$(inherited) @executable_path/Frameworks";
				OTHER_LDFLAGS = "-all_load";
				PRODUCT_BUNDLE_IDENTIFIER = com.aipartner;
				PRODUCT_NAME = "$(TARGET_NAME)";
				PROVISIONING_PROFILE = "29c00aac-d694-40df-b49d-72d087f64815";
			};
			name = Debug;
		};
		AFD0FB7C1D3CB5190078E551 /* Release */ = {
			isa = XCBuildConfiguration;
			buildSettings = {
				ASSETCATALOG_COMPILER_APPICON_NAME = AppIcon;
				CODE_SIGN_IDENTITY = "iPhone Distribution: Beijing Star VATS Technologies Inc.";
				"CODE_SIGN_IDENTITY[sdk=iphoneos*]" = "iPhone Distribution: Beijing Star VATS Technologies Inc.";
				ENABLE_BITCODE = YES;
				FRAMEWORK_SEARCH_PATHS = (
					"$(inherited)",
					"$(PROJECT_DIR)/TestAIBaseFramework",
				);
				HEADER_SEARCH_PATHS = "";
				INFOPLIST_FILE = TestAIBaseFramework/Info.plist;
				LD_RUNPATH_SEARCH_PATHS = "$(inherited) @executable_path/Frameworks";
				OTHER_LDFLAGS = "-all_load";
				PRODUCT_BUNDLE_IDENTIFIER = com.aipartner;
				PRODUCT_NAME = "$(TARGET_NAME)";
				PROVISIONING_PROFILE = "29c00aac-d694-40df-b49d-72d087f64815";
			};
			name = Release;
		};
		AFD0FB7E1D3CB5190078E551 /* Debug */ = {
			isa = XCBuildConfiguration;
			buildSettings = {
				BUNDLE_LOADER = "$(TEST_HOST)";
				INFOPLIST_FILE = TestAIBaseFrameworkTests/Info.plist;
				LD_RUNPATH_SEARCH_PATHS = "$(inherited) @executable_path/Frameworks @loader_path/Frameworks";
				PRODUCT_BUNDLE_IDENTIFIER = com.asiainfo.baseFramework.TestAIBaseFrameworkTests;
				PRODUCT_NAME = "$(TARGET_NAME)";
				TEST_HOST = "$(BUILT_PRODUCTS_DIR)/TestAIBaseFramework.app/TestAIBaseFramework";
			};
			name = Debug;
		};
		AFD0FB7F1D3CB5190078E551 /* Release */ = {
			isa = XCBuildConfiguration;
			buildSettings = {
				BUNDLE_LOADER = "$(TEST_HOST)";
				INFOPLIST_FILE = TestAIBaseFrameworkTests/Info.plist;
				LD_RUNPATH_SEARCH_PATHS = "$(inherited) @executable_path/Frameworks @loader_path/Frameworks";
				PRODUCT_BUNDLE_IDENTIFIER = com.asiainfo.baseFramework.TestAIBaseFrameworkTests;
				PRODUCT_NAME = "$(TARGET_NAME)";
				TEST_HOST = "$(BUILT_PRODUCTS_DIR)/TestAIBaseFramework.app/TestAIBaseFramework";
			};
			name = Release;
		};
		AFD0FB811D3CB5190078E551 /* Debug */ = {
			isa = XCBuildConfiguration;
			buildSettings = {
				INFOPLIST_FILE = TestAIBaseFrameworkUITests/Info.plist;
				LD_RUNPATH_SEARCH_PATHS = "$(inherited) @executable_path/Frameworks @loader_path/Frameworks";
				PRODUCT_BUNDLE_IDENTIFIER = com.asiainfo.baseFramework.TestAIBaseFrameworkUITests;
				PRODUCT_NAME = "$(TARGET_NAME)";
				TEST_TARGET_NAME = TestAIBaseFramework;
			};
			name = Debug;
		};
		AFD0FB821D3CB5190078E551 /* Release */ = {
			isa = XCBuildConfiguration;
			buildSettings = {
				INFOPLIST_FILE = TestAIBaseFrameworkUITests/Info.plist;
				LD_RUNPATH_SEARCH_PATHS = "$(inherited) @executable_path/Frameworks @loader_path/Frameworks";
				PRODUCT_BUNDLE_IDENTIFIER = com.asiainfo.baseFramework.TestAIBaseFrameworkUITests;
				PRODUCT_NAME = "$(TARGET_NAME)";
				TEST_TARGET_NAME = TestAIBaseFramework;
			};
			name = Release;
		};
/* End XCBuildConfiguration section */

/* Begin XCConfigurationList section */
		AFD0FB481D3CB5180078E551 /* Build configuration list for PBXProject "TestAIBaseFramework" */ = {
			isa = XCConfigurationList;
			buildConfigurations = (
				AFD0FB781D3CB5190078E551 /* Debug */,
				AFD0FB791D3CB5190078E551 /* Release */,
			);
			defaultConfigurationIsVisible = 0;
			defaultConfigurationName = Release;
		};
		AFD0FB7A1D3CB5190078E551 /* Build configuration list for PBXNativeTarget "TestAIBaseFramework" */ = {
			isa = XCConfigurationList;
			buildConfigurations = (
				AFD0FB7B1D3CB5190078E551 /* Debug */,
				AFD0FB7C1D3CB5190078E551 /* Release */,
			);
			defaultConfigurationIsVisible = 0;
			defaultConfigurationName = Release;
		};
		AFD0FB7D1D3CB5190078E551 /* Build configuration list for PBXNativeTarget "TestAIBaseFrameworkTests" */ = {
			isa = XCConfigurationList;
			buildConfigurations = (
				AFD0FB7E1D3CB5190078E551 /* Debug */,
				AFD0FB7F1D3CB5190078E551 /* Release */,
			);
			defaultConfigurationIsVisible = 0;
			defaultConfigurationName = Release;
		};
		AFD0FB801D3CB5190078E551 /* Build configuration list for PBXNativeTarget "TestAIBaseFrameworkUITests" */ = {
			isa = XCConfigurationList;
			buildConfigurations = (
				AFD0FB811D3CB5190078E551 /* Debug */,
				AFD0FB821D3CB5190078E551 /* Release */,
			);
			defaultConfigurationIsVisible = 0;
			defaultConfigurationName = Release;
		};
/* End XCConfigurationList section */
	};
	rootObject = AFD0FB451D3CB5180078E551 /* Project object */;
}
